
Microsoft Visual Studio Solution File, Format Version 12.00
Project("{FAE04EC0-301F-11D3-BF4B-00C04F79EFBC}") = "BeaverTinder", "BeaverTinder\BeaverTinder.csproj", "{50F103F0-8D1F-4700-991D-0561763223B6}"
EndProject
Project("{2150E333-8FDC-42A3-9474-1A3956D46DE8}") = "Infrastructure", "Infrastructure", "{BDFB66EB-E5FA-422C-BF08-5B7128F99352}"
EndProject
Project("{FAE04EC0-301F-11D3-BF4B-00C04F79EFBC}") = "Persistence", "Persistence\Persistence.csproj", "{7280DE81-6D45-4837-ABC6-0D1B42B140D7}"
EndProject
Project("{2150E333-8FDC-42A3-9474-1A3956D46DE8}") = "Core", "Core", "{69258449-5928-4631-AFDC-C2E48E73B122}"
EndProject
Project("{FAE04EC0-301F-11D3-BF4B-00C04F79EFBC}") = "Domain", "Domain\Domain.csproj", "{F79DB899-E3D9-4C3C-A461-8EE8F13D8B5F}"
EndProject
Project("{FAE04EC0-301F-11D3-BF4B-00C04F79EFBC}") = "Services", "Services\Services.csproj", "{0FFF110E-13A5-4E49-9F6A-F9FEB9B44A42}"
EndProject
Project("{FAE04EC0-301F-11D3-BF4B-00C04F79EFBC}") = "Services.Abstraction", "Services.Abstraction\Services.Abstraction.csproj", "{37BBB21B-5F25-4315-9C69-510D95CDD4F3}"
EndProject
Project("{FAE04EC0-301F-11D3-BF4B-00C04F79EFBC}") = "Contracts", "Contracts\Contracts.csproj", "{A54C7ABF-CDBC-4320-8F1A-03CF261F0E45}"
EndProject
Project("{FAE04EC0-301F-11D3-BF4B-00C04F79EFBC}") = "Presentation", "Presentation\Presentation.csproj", "{54C26B1D-A468-4E99-B3AD-12C08721B28A}"
EndProject
Global
	GlobalSection(SolutionConfigurationPlatforms) = preSolution
		Debug|Any CPU = Debug|Any CPU
		Release|Any CPU = Release|Any CPU
	EndGlobalSection
	GlobalSection(ProjectConfigurationPlatforms) = postSolution
		{50F103F0-8D1F-4700-991D-0561763223B6}.Debug|Any CPU.ActiveCfg = Debug|Any CPU
		{50F103F0-8D1F-4700-991D-0561763223B6}.Debug|Any CPU.Build.0 = Debug|Any CPU
		{50F103F0-8D1F-4700-991D-0561763223B6}.Release|Any CPU.ActiveCfg = Release|Any CPU
		{50F103F0-8D1F-4700-991D-0561763223B6}.Release|Any CPU.Build.0 = Release|Any CPU
		{7280DE81-6D45-4837-ABC6-0D1B42B140D7}.Debug|Any CPU.ActiveCfg = Debug|Any CPU
		{7280DE81-6D45-4837-ABC6-0D1B42B140D7}.Debug|Any CPU.Build.0 = Debug|Any CPU
		{7280DE81-6D45-4837-ABC6-0D1B42B140D7}.Release|Any CPU.ActiveCfg = Release|Any CPU
		{7280DE81-6D45-4837-ABC6-0D1B42B140D7}.Release|Any CPU.Build.0 = Release|Any CPU
		{F79DB899-E3D9-4C3C-A461-8EE8F13D8B5F}.Debug|Any CPU.ActiveCfg = Debug|Any CPU
		{F79DB899-E3D9-4C3C-A461-8EE8F13D8B5F}.Debug|Any CPU.Build.0 = Debug|Any CPU
		{F79DB899-E3D9-4C3C-A461-8EE8F13D8B5F}.Release|Any CPU.ActiveCfg = Release|Any CPU
		{F79DB899-E3D9-4C3C-A461-8EE8F13D8B5F}.Release|Any CPU.Build.0 = Release|Any CPU
		{0FFF110E-13A5-4E49-9F6A-F9FEB9B44A42}.Debug|Any CPU.ActiveCfg = Debug|Any CPU
		{0FFF110E-13A5-4E49-9F6A-F9FEB9B44A42}.Debug|Any CPU.Build.0 = Debug|Any CPU
		{0FFF110E-13A5-4E49-9F6A-F9FEB9B44A42}.Release|Any CPU.ActiveCfg = Release|Any CPU
		{0FFF110E-13A5-4E49-9F6A-F9FEB9B44A42}.Release|Any CPU.Build.0 = Release|Any CPU
		{37BBB21B-5F25-4315-9C69-510D95CDD4F3}.Debug|Any CPU.ActiveCfg = Debug|Any CPU
		{37BBB21B-5F25-4315-9C69-510D95CDD4F3}.Debug|Any CPU.Build.0 = Debug|Any CPU
		{37BBB21B-5F25-4315-9C69-510D95CDD4F3}.Release|Any CPU.ActiveCfg = Release|Any CPU
		{37BBB21B-5F25-4315-9C69-510D95CDD4F3}.Release|Any CPU.Build.0 = Release|Any CPU
		{A54C7ABF-CDBC-4320-8F1A-03CF261F0E45}.Debug|Any CPU.ActiveCfg = Debug|Any CPU
		{A54C7ABF-CDBC-4320-8F1A-03CF261F0E45}.Debug|Any CPU.Build.0 = Debug|Any CPU
		{A54C7ABF-CDBC-4320-8F1A-03CF261F0E45}.Release|Any CPU.ActiveCfg = Release|Any CPU
		{A54C7ABF-CDBC-4320-8F1A-03CF261F0E45}.Release|Any CPU.Build.0 = Release|Any CPU
		{54C26B1D-A468-4E99-B3AD-12C08721B28A}.Debug|Any CPU.ActiveCfg = Debug|Any CPU
		{54C26B1D-A468-4E99-B3AD-12C08721B28A}.Debug|Any CPU.Build.0 = Debug|Any CPU
		{54C26B1D-A468-4E99-B3AD-12C08721B28A}.Release|Any CPU.ActiveCfg = Release|Any CPU
		{54C26B1D-A468-4E99-B3AD-12C08721B28A}.Release|Any CPU.Build.0 = Release|Any CPU
	EndGlobalSection
	GlobalSection(NestedProjects) = preSolution
		{7280DE81-6D45-4837-ABC6-0D1B42B140D7} = {BDFB66EB-E5FA-422C-BF08-5B7128F99352}
		{F79DB899-E3D9-4C3C-A461-8EE8F13D8B5F} = {69258449-5928-4631-AFDC-C2E48E73B122}
		{0FFF110E-13A5-4E49-9F6A-F9FEB9B44A42} = {69258449-5928-4631-AFDC-C2E48E73B122}
		{37BBB21B-5F25-4315-9C69-510D95CDD4F3} = {69258449-5928-4631-AFDC-C2E48E73B122}
		{A54C7ABF-CDBC-4320-8F1A-03CF261F0E45} = {69258449-5928-4631-AFDC-C2E48E73B122}
		{54C26B1D-A468-4E99-B3AD-12C08721B28A} = {BDFB66EB-E5FA-422C-BF08-5B7128F99352}
	EndGlobalSection
EndGlobal
