
Microsoft Visual Studio Solution File, Format Version 12.00
Project("{FAE04EC0-301F-11D3-BF4B-00C04F79EFBC}") = "BeaverTinder.API", "BeaverTinder.API\BeaverTinder.API.csproj", "{50F103F0-8D1F-4700-991D-0561763223B6}"
EndProject
Project("{FAE04EC0-301F-11D3-BF4B-00C04F79EFBC}") = "BeaverTinder.SupportChat", "BeaverTinder.SupportChat\BeaverTinder.SupportChat.csproj", "{8B9F26DE-EA11-4CB8-82A4-3402747F475D}"
EndProject
Project("{FAE04EC0-301F-11D3-BF4B-00C04F79EFBC}") = "BeaverTinder.Application", "BeaverTinder.Application\BeaverTinder.Application.csproj", "{74024FDE-F736-46BE-A329-668945F131BB}"
EndProject
Project("{FAE04EC0-301F-11D3-BF4B-00C04F79EFBC}") = "BeaverTinder.Infrastructure", "BeaverTinder.Infrastructure\BeaverTinder.Infrastructure.csproj", "{B7A32580-191B-4A1B-9FEE-4D728D8A8B79}"
EndProject
Project("{FAE04EC0-301F-11D3-BF4B-00C04F79EFBC}") = "BeaverTinder.Domain", "BeaverTinder.Domain\BeaverTinder.Domain.csproj", "{5B3DE11B-5339-4918-BB98-05349DE9322B}"
EndProject
Project("{2150E333-8FDC-42A3-9474-1A3956D46DE8}") = "BeaverTinder.SupportChat", "BeaverTinder.SupportChat", "{AC353C74-9325-48A3-99B0-244729DDF85E}"
EndProject
Project("{2150E333-8FDC-42A3-9474-1A3956D46DE8}") = "BeaverTinder", "BeaverTinder", "{616C0AD2-4A35-4299-8D98-543E26AE98C6}"
EndProject
Project("{2150E333-8FDC-42A3-9474-1A3956D46DE8}") = "S3", "S3", "{DCFC8CA8-6DFE-478B-84A6-CD8555492FA0}"
EndProject
Project("{FAE04EC0-301F-11D3-BF4B-00C04F79EFBC}") = "BeaverTinder.S3", "BeaverTinder.S3\BeaverTinder.S3.csproj", "{006E6793-4BC1-4D1F-9A2D-A45274A512EE}"
EndProject
Project("{FAE04EC0-301F-11D3-BF4B-00C04F79EFBC}") = "BeaverTinder.Shared", "BeaverTinder.Shared\BeaverTinder.Shared.csproj", "{E6A935EC-3E64-4A28-A6C8-F885E1737536}"
EndProject
Project("{2150E333-8FDC-42A3-9474-1A3956D46DE8}") = "BeaverTinder.Payment", "BeaverTinder.Payment", "{44D097B5-CFAA-421A-B7CA-B3F88BA51391}"
EndProject
Project("{FAE04EC0-301F-11D3-BF4B-00C04F79EFBC}") = "BeaverTinder.Payment.Infrastructure", "BeaverTinder.Payment.Infrastructure\BeaverTinder.Payment.Infrastructure.csproj", "{67CF93B5-24C9-4995-AFB0-113FBAB876A4}"
EndProject
Project("{FAE04EC0-301F-11D3-BF4B-00C04F79EFBC}") = "BeaverTinder.Payment.Core", "BeaverTinder.Payment.Core\BeaverTinder.Payment.Core.csproj", "{EC1AC5B7-05EF-4BDB-BEE2-677A426B313E}"
EndProject
Project("{FAE04EC0-301F-11D3-BF4B-00C04F79EFBC}") = "BeaverTinder.Payment", "BeaverTinder.Payment\BeaverTinder.Payment.csproj", "{A1931059-EF74-41AC-9336-6A5F422A771A}"
EndProject
Project("{2150E333-8FDC-42A3-9474-1A3956D46DE8}") = "BeaverTinder.Subscription", "BeaverTinder.Subscription", "{2804F96F-E1A6-46E3-89A9-EFA762243B3F}"
EndProject
Project("{FAE04EC0-301F-11D3-BF4B-00C04F79EFBC}") = "BeaverTinder.Subscription", "BeaverTinder.Subscription\BeaverTinder.Subscription.csproj", "{9AB5DCB7-2A2C-4860-B72C-94AEAA7FCBA4}"
EndProject
Project("{FAE04EC0-301F-11D3-BF4B-00C04F79EFBC}") = "BeaverTinder.Subscription.Core", "BeaverTinder.Subscription.Core\BeaverTinder.Subscription.Core.csproj", "{FAD719BF-97C2-4B26-8FE7-84BF8A3256FB}"
EndProject
Project("{FAE04EC0-301F-11D3-BF4B-00C04F79EFBC}") = "BeaverTinder.Subscription.Infrastructure", "BeaverTinder.Subscription.Infrastructure\BeaverTinder.Subscription.Infrastructure.csproj", "{10936928-3D8F-43D5-A9E8-50A18EF46FCC}"
EndProject
Global
	GlobalSection(SolutionConfigurationPlatforms) = preSolution
		Debug|Any CPU = Debug|Any CPU
		Release|Any CPU = Release|Any CPU
	EndGlobalSection
	GlobalSection(ProjectConfigurationPlatforms) = postSolution
		{50F103F0-8D1F-4700-991D-0561763223B6}.Debug|Any CPU.ActiveCfg = Debug|Any CPU
		{50F103F0-8D1F-4700-991D-0561763223B6}.Debug|Any CPU.Build.0 = Debug|Any CPU
		{50F103F0-8D1F-4700-991D-0561763223B6}.Release|Any CPU.ActiveCfg = Release|Any CPU
		{50F103F0-8D1F-4700-991D-0561763223B6}.Release|Any CPU.Build.0 = Release|Any CPU
		{8B9F26DE-EA11-4CB8-82A4-3402747F475D}.Debug|Any CPU.ActiveCfg = Debug|Any CPU
		{8B9F26DE-EA11-4CB8-82A4-3402747F475D}.Debug|Any CPU.Build.0 = Debug|Any CPU
		{8B9F26DE-EA11-4CB8-82A4-3402747F475D}.Release|Any CPU.ActiveCfg = Release|Any CPU
		{8B9F26DE-EA11-4CB8-82A4-3402747F475D}.Release|Any CPU.Build.0 = Release|Any CPU
		{74024FDE-F736-46BE-A329-668945F131BB}.Debug|Any CPU.ActiveCfg = Debug|Any CPU
		{74024FDE-F736-46BE-A329-668945F131BB}.Debug|Any CPU.Build.0 = Debug|Any CPU
		{74024FDE-F736-46BE-A329-668945F131BB}.Release|Any CPU.ActiveCfg = Release|Any CPU
		{74024FDE-F736-46BE-A329-668945F131BB}.Release|Any CPU.Build.0 = Release|Any CPU
		{B7A32580-191B-4A1B-9FEE-4D728D8A8B79}.Debug|Any CPU.ActiveCfg = Debug|Any CPU
		{B7A32580-191B-4A1B-9FEE-4D728D8A8B79}.Debug|Any CPU.Build.0 = Debug|Any CPU
		{B7A32580-191B-4A1B-9FEE-4D728D8A8B79}.Release|Any CPU.ActiveCfg = Release|Any CPU
		{B7A32580-191B-4A1B-9FEE-4D728D8A8B79}.Release|Any CPU.Build.0 = Release|Any CPU
		{5B3DE11B-5339-4918-BB98-05349DE9322B}.Debug|Any CPU.ActiveCfg = Debug|Any CPU
		{5B3DE11B-5339-4918-BB98-05349DE9322B}.Debug|Any CPU.Build.0 = Debug|Any CPU
		{5B3DE11B-5339-4918-BB98-05349DE9322B}.Release|Any CPU.ActiveCfg = Release|Any CPU
		{5B3DE11B-5339-4918-BB98-05349DE9322B}.Release|Any CPU.Build.0 = Release|Any CPU
		{006E6793-4BC1-4D1F-9A2D-A45274A512EE}.Debug|Any CPU.ActiveCfg = Debug|Any CPU
		{006E6793-4BC1-4D1F-9A2D-A45274A512EE}.Debug|Any CPU.Build.0 = Debug|Any CPU
		{006E6793-4BC1-4D1F-9A2D-A45274A512EE}.Release|Any CPU.ActiveCfg = Release|Any CPU
		{006E6793-4BC1-4D1F-9A2D-A45274A512EE}.Release|Any CPU.Build.0 = Release|Any CPU
		{E6A935EC-3E64-4A28-A6C8-F885E1737536}.Debug|Any CPU.ActiveCfg = Debug|Any CPU
		{E6A935EC-3E64-4A28-A6C8-F885E1737536}.Debug|Any CPU.Build.0 = Debug|Any CPU
		{E6A935EC-3E64-4A28-A6C8-F885E1737536}.Release|Any CPU.ActiveCfg = Release|Any CPU
		{E6A935EC-3E64-4A28-A6C8-F885E1737536}.Release|Any CPU.Build.0 = Release|Any CPU
		{67CF93B5-24C9-4995-AFB0-113FBAB876A4}.Debug|Any CPU.ActiveCfg = Debug|Any CPU
		{67CF93B5-24C9-4995-AFB0-113FBAB876A4}.Debug|Any CPU.Build.0 = Debug|Any CPU
		{67CF93B5-24C9-4995-AFB0-113FBAB876A4}.Release|Any CPU.ActiveCfg = Release|Any CPU
		{67CF93B5-24C9-4995-AFB0-113FBAB876A4}.Release|Any CPU.Build.0 = Release|Any CPU
		{EC1AC5B7-05EF-4BDB-BEE2-677A426B313E}.Debug|Any CPU.ActiveCfg = Debug|Any CPU
		{EC1AC5B7-05EF-4BDB-BEE2-677A426B313E}.Debug|Any CPU.Build.0 = Debug|Any CPU
		{EC1AC5B7-05EF-4BDB-BEE2-677A426B313E}.Release|Any CPU.ActiveCfg = Release|Any CPU
		{EC1AC5B7-05EF-4BDB-BEE2-677A426B313E}.Release|Any CPU.Build.0 = Release|Any CPU
		{A1931059-EF74-41AC-9336-6A5F422A771A}.Debug|Any CPU.ActiveCfg = Debug|Any CPU
		{A1931059-EF74-41AC-9336-6A5F422A771A}.Debug|Any CPU.Build.0 = Debug|Any CPU
		{A1931059-EF74-41AC-9336-6A5F422A771A}.Release|Any CPU.ActiveCfg = Release|Any CPU
		{A1931059-EF74-41AC-9336-6A5F422A771A}.Release|Any CPU.Build.0 = Release|Any CPU
		{9AB5DCB7-2A2C-4860-B72C-94AEAA7FCBA4}.Debug|Any CPU.ActiveCfg = Debug|Any CPU
		{9AB5DCB7-2A2C-4860-B72C-94AEAA7FCBA4}.Debug|Any CPU.Build.0 = Debug|Any CPU
		{9AB5DCB7-2A2C-4860-B72C-94AEAA7FCBA4}.Release|Any CPU.ActiveCfg = Release|Any CPU
		{9AB5DCB7-2A2C-4860-B72C-94AEAA7FCBA4}.Release|Any CPU.Build.0 = Release|Any CPU
		{FAD719BF-97C2-4B26-8FE7-84BF8A3256FB}.Debug|Any CPU.ActiveCfg = Debug|Any CPU
		{FAD719BF-97C2-4B26-8FE7-84BF8A3256FB}.Debug|Any CPU.Build.0 = Debug|Any CPU
		{FAD719BF-97C2-4B26-8FE7-84BF8A3256FB}.Release|Any CPU.ActiveCfg = Release|Any CPU
		{FAD719BF-97C2-4B26-8FE7-84BF8A3256FB}.Release|Any CPU.Build.0 = Release|Any CPU
		{10936928-3D8F-43D5-A9E8-50A18EF46FCC}.Debug|Any CPU.ActiveCfg = Debug|Any CPU
		{10936928-3D8F-43D5-A9E8-50A18EF46FCC}.Debug|Any CPU.Build.0 = Debug|Any CPU
		{10936928-3D8F-43D5-A9E8-50A18EF46FCC}.Release|Any CPU.ActiveCfg = Release|Any CPU
		{10936928-3D8F-43D5-A9E8-50A18EF46FCC}.Release|Any CPU.Build.0 = Release|Any CPU
	EndGlobalSection
	GlobalSection(NestedProjects) = preSolution
		{8B9F26DE-EA11-4CB8-82A4-3402747F475D} = {AC353C74-9325-48A3-99B0-244729DDF85E}
		{50F103F0-8D1F-4700-991D-0561763223B6} = {616C0AD2-4A35-4299-8D98-543E26AE98C6}
		{74024FDE-F736-46BE-A329-668945F131BB} = {616C0AD2-4A35-4299-8D98-543E26AE98C6}
		{5B3DE11B-5339-4918-BB98-05349DE9322B} = {616C0AD2-4A35-4299-8D98-543E26AE98C6}
		{B7A32580-191B-4A1B-9FEE-4D728D8A8B79} = {616C0AD2-4A35-4299-8D98-543E26AE98C6}
		{006E6793-4BC1-4D1F-9A2D-A45274A512EE} = {DCFC8CA8-6DFE-478B-84A6-CD8555492FA0}
		{E6A935EC-3E64-4A28-A6C8-F885E1737536} = {616C0AD2-4A35-4299-8D98-543E26AE98C6}
		{67CF93B5-24C9-4995-AFB0-113FBAB876A4} = {44D097B5-CFAA-421A-B7CA-B3F88BA51391}
		{EC1AC5B7-05EF-4BDB-BEE2-677A426B313E} = {44D097B5-CFAA-421A-B7CA-B3F88BA51391}
		{A1931059-EF74-41AC-9336-6A5F422A771A} = {44D097B5-CFAA-421A-B7CA-B3F88BA51391}
		{9AB5DCB7-2A2C-4860-B72C-94AEAA7FCBA4} = {2804F96F-E1A6-46E3-89A9-EFA762243B3F}
		{FAD719BF-97C2-4B26-8FE7-84BF8A3256FB} = {2804F96F-E1A6-46E3-89A9-EFA762243B3F}
		{10936928-3D8F-43D5-A9E8-50A18EF46FCC} = {2804F96F-E1A6-46E3-89A9-EFA762243B3F}
	EndGlobalSection
EndGlobal
